
Microsoft Visual Studio Solution File, Format Version 12.00
# Visual Studio Version 17
VisualStudioVersion = 17.10.34916.146
MinimumVisualStudioVersion = 10.0.40219.1
Project("{FAE04EC0-301F-11D3-BF4B-00C04F79EFBC}") = "car-workshop", "car-workshop.csproj", "{1B893F3B-19EA-491A-A9C7-CF5013B241FF}"
EndProject
Global
	GlobalSection(SolutionConfigurationPlatforms) = preSolution
		Debug|Any CPU = Debug|Any CPU
		Release|Any CPU = Release|Any CPU
	EndGlobalSection
	GlobalSection(ProjectConfigurationPlatforms) = postSolution
		{1B893F3B-19EA-491A-A9C7-CF5013B241FF}.Debug|Any CPU.ActiveCfg = Debug|Any CPU
		{1B893F3B-19EA-491A-A9C7-CF5013B241FF}.Debug|Any CPU.Build.0 = Debug|Any CPU
		{1B893F3B-19EA-491A-A9C7-CF5013B241FF}.Release|Any CPU.ActiveCfg = Release|Any CPU
		{1B893F3B-19EA-491A-A9C7-CF5013B241FF}.Release|Any CPU.Build.0 = Release|Any CPU
	EndGlobalSection
	GlobalSection(SolutionProperties) = preSolution
		HideSolutionNode = FALSE
	EndGlobalSection
	GlobalSection(ExtensibilityGlobals) = postSolution
		SolutionGuid = {2CB3C40B-7278-4C4D-8501-9B48101774F3}
	EndGlobalSection
EndGlobal
